{
  "name": "resourceManager",
  "lockfileVersion": 3,
  "requires": true,
  "packages": {
    "": {
      "dependencies": {
        "@html-element-wrappers/img": "^0.5.1"
      }
    },
    "node_modules/@html-element-wrappers/img": {
      "version": "0.5.1",
      "resolved": "https://registry.npmjs.org/@html-element-wrappers/img/-/img-0.5.1.tgz",
      "integrity": "sha512-+2HiZ2QYdnvAQKBiOtzZtpPOXpeDkRb+fearrx3VQyVgyTRY/LNNUJQWUY8kvKlPYTNqtjxgxKpLxedxdnBL7g==",
      "license": "MIT",
      "dependencies": {
        "html-element-property-mixins": "^0.10.11",
        "lit-html": "^1.2.1"
      }
    },
    "node_modules/html-element-property-mixins": {
      "version": "0.10.12",
      "resolved": "https://registry.npmjs.org/html-element-property-mixins/-/html-element-property-mixins-0.10.12.tgz",
      "integrity": "sha512-PwTGQLc50v3hn6keGLBMGcnmlzAs76uyyFhG6DTo7kheO5PkXyJTuJ85U8opjwNBwfL3KaVCrEFk4O5O1d+YsQ==",
      "license": "MIT"
    },
    "node_modules/lit-html": {
      "version": "1.4.1",
      "resolved": "https://registry.npmjs.org/lit-html/-/lit-html-1.4.1.tgz",
      "integrity": "sha512-B9btcSgPYb1q4oSOb/PrOT6Z/H+r6xuNzfH4lFli/AWhYwdtrgQkQWBbIc6mdnf6E2IL3gDXdkkqNktpU0OZQA==",
      "license": "BSD-3-Clause"
    }
  }
}
